
Microsoft Visual Studio Solution File, Format Version 12.00
# Visual Studio Version 16
VisualStudioVersion = 16.0.30907.101
MinimumVisualStudioVersion = 10.0.40219.1
Project("{9A19103F-16F7-4668-BE54-9A1E7A4F7556}") = "BackBoard", "BackBoard.csproj", "{1396E6F4-5055-4B11-B8FC-1A85706EA626}"
EndProject
Project("{9A19103F-16F7-4668-BE54-9A1E7A4F7556}") = "FrontBoard", "..\FrontBoard\FrontBoard.csproj", "{408F4E6A-90D8-47A5-8F9C-35AB98A09388}"
EndProject
Global
	GlobalSection(SolutionConfigurationPlatforms) = preSolution
		Debug|Any CPU = Debug|Any CPU
		Release|Any CPU = Release|Any CPU
	EndGlobalSection
	GlobalSection(ProjectConfigurationPlatforms) = postSolution
		{1396E6F4-5055-4B11-B8FC-1A85706EA626}.Debug|Any CPU.ActiveCfg = Debug|Any CPU
		{1396E6F4-5055-4B11-B8FC-1A85706EA626}.Debug|Any CPU.Build.0 = Debug|Any CPU
		{1396E6F4-5055-4B11-B8FC-1A85706EA626}.Release|Any CPU.ActiveCfg = Release|Any CPU
		{1396E6F4-5055-4B11-B8FC-1A85706EA626}.Release|Any CPU.Build.0 = Release|Any CPU
		{408F4E6A-90D8-47A5-8F9C-35AB98A09388}.Debug|Any CPU.ActiveCfg = Debug|Any CPU
		{408F4E6A-90D8-47A5-8F9C-35AB98A09388}.Debug|Any CPU.Build.0 = Debug|Any CPU
		{408F4E6A-90D8-47A5-8F9C-35AB98A09388}.Release|Any CPU.ActiveCfg = Release|Any CPU
		{408F4E6A-90D8-47A5-8F9C-35AB98A09388}.Release|Any CPU.Build.0 = Release|Any CPU
	EndGlobalSection
	GlobalSection(SolutionProperties) = preSolution
		HideSolutionNode = FALSE
	EndGlobalSection
	GlobalSection(ExtensibilityGlobals) = postSolution
		SolutionGuid = {EB5833FF-3AB7-47BD-AA1F-A5F43E03F549}
	EndGlobalSection
EndGlobal
